
Microsoft Visual Studio Solution File, Format Version 12.00
# Visual Studio Version 17
VisualStudioVersion = 17.4.33213.308
MinimumVisualStudioVersion = 10.0.40219.1
Project("{FAE04EC0-301F-11D3-BF4B-00C04F79EFBC}") = "Tickets.MVC", "Tickets.MVC\Tickets.MVC.csproj", "{F5EF61B3-D9A7-4E5D-8390-E6DA16E4F00B}"
EndProject
Project("{FAE04EC0-301F-11D3-BF4B-00C04F79EFBC}") = "Tickets.BL", "Tickets.BL\Tickets.BL.csproj", "{E18DEDA7-3FF8-446B-9DDB-E3C1BFD95EEB}"
EndProject
Project("{FAE04EC0-301F-11D3-BF4B-00C04F79EFBC}") = "Tickets.DAL", "Tickets.DAL\Tickets.DAL.csproj", "{1ACA597A-8FFD-409D-9538-750604F9CB63}"
EndProject
Global
	GlobalSection(SolutionConfigurationPlatforms) = preSolution
		Debug|Any CPU = Debug|Any CPU
		Release|Any CPU = Release|Any CPU
	EndGlobalSection
	GlobalSection(ProjectConfigurationPlatforms) = postSolution
		{F5EF61B3-D9A7-4E5D-8390-E6DA16E4F00B}.Debug|Any CPU.ActiveCfg = Debug|Any CPU
		{F5EF61B3-D9A7-4E5D-8390-E6DA16E4F00B}.Debug|Any CPU.Build.0 = Debug|Any CPU
		{F5EF61B3-D9A7-4E5D-8390-E6DA16E4F00B}.Release|Any CPU.ActiveCfg = Release|Any CPU
		{F5EF61B3-D9A7-4E5D-8390-E6DA16E4F00B}.Release|Any CPU.Build.0 = Release|Any CPU
		{E18DEDA7-3FF8-446B-9DDB-E3C1BFD95EEB}.Debug|Any CPU.ActiveCfg = Debug|Any CPU
		{E18DEDA7-3FF8-446B-9DDB-E3C1BFD95EEB}.Debug|Any CPU.Build.0 = Debug|Any CPU
		{E18DEDA7-3FF8-446B-9DDB-E3C1BFD95EEB}.Release|Any CPU.ActiveCfg = Release|Any CPU
		{E18DEDA7-3FF8-446B-9DDB-E3C1BFD95EEB}.Release|Any CPU.Build.0 = Release|Any CPU
		{1ACA597A-8FFD-409D-9538-750604F9CB63}.Debug|Any CPU.ActiveCfg = Debug|Any CPU
		{1ACA597A-8FFD-409D-9538-750604F9CB63}.Debug|Any CPU.Build.0 = Debug|Any CPU
		{1ACA597A-8FFD-409D-9538-750604F9CB63}.Release|Any CPU.ActiveCfg = Release|Any CPU
		{1ACA597A-8FFD-409D-9538-750604F9CB63}.Release|Any CPU.Build.0 = Release|Any CPU
	EndGlobalSection
	GlobalSection(SolutionProperties) = preSolution
		HideSolutionNode = FALSE
	EndGlobalSection
	GlobalSection(ExtensibilityGlobals) = postSolution
		SolutionGuid = {778809CB-B319-4E6C-91B1-4FC62D07B603}
	EndGlobalSection
EndGlobal
